{
  "name": "dcdn-frontend",
  "version": "0.1.0",
  "lockfileVersion": 3,
  "requires": true,
  "packages": {
    "": {
      "name": "dcdn-frontend",
      "version": "0.1.0",
      "license": "Apache-2.0",
      "dependencies": {
        "@linera/client": "0.15.3"
      }
    },
    "node_modules/@linera/client": {
      "version": "0.15.3",
      "resolved": "https://registry.npmjs.org/@linera/client/-/client-0.15.3.tgz",
      "integrity": "sha512-7AruqkTPMnDgAwEn4Q56uZMNdLZRSq6xjNho9s2AqWDnikpXZUyB/BM2+OGBQ0bNtZi1OtZ1WDfkQAKCVmHr6w==",
      "hasInstallScript": true,
      "license": "Apache-2.0"
    }
  }
}
